
Microsoft Visual Studio Solution File, Format Version 12.00
# Visual Studio Version 17
VisualStudioVersion = 17.14.36414.22
MinimumVisualStudioVersion = 10.0.40219.1
Project("{8BC9CEB8-8B4A-11D0-8D11-00A0C91BC942}") = "ZeroMQCameraSystem", "ZeroMQCameraSystem\ZeroMQCameraSystem.vcxproj", "{5E307F1E-721B-4E1B-9355-DAFDFB998339}"
EndProject
Project("{8BC9CEB8-8B4A-11D0-8D11-00A0C91BC942}") = "1.1_Capturer", "ZeroMQCameraSystem\1.1_Capturer.vcxproj", "{994F3C1B-E94B-4FA5-AC0C-9B7FE76DC3BB}"
EndProject
Project("{8BC9CEB8-8B4A-11D0-8D11-00A0C91BC942}") = "1.2_Worker", "ZeroMQCameraSystem\1.2_Worker.vcxproj", "{B36E0A18-F53C-4E6F-A2C3-732447C45BD5}"
EndProject
Project("{8BC9CEB8-8B4A-11D0-8D11-00A0C91BC942}") = "1.3_Composer", "ZeroMQCameraSystem\1.3_Composer.vcxproj", "{6E1007AC-5234-4C60-9502-D6E1C5629641}"
EndProject
Project("{8BC9CEB8-8B4A-11D0-8D11-00A0C91BC942}") = "2.1_Capturer", "ZeroMQCameraSystem\2.1_Capturer.vcxproj", "{BADD5BAF-911F-4DA5-BF52-B4AD45BF6B9B}"
EndProject
Project("{8BC9CEB8-8B4A-11D0-8D11-00A0C91BC942}") = "2.2_Worker", "ZeroMQCameraSystem\2.2_Worker.vcxproj", "{31A24AF6-9D40-4E28-883B-2C7B41D4CC57}"
EndProject
Project("{8BC9CEB8-8B4A-11D0-8D11-00A0C91BC942}") = "2.3_Composer", "ZeroMQCameraSystem\2.3_Composer.vcxproj", "{F9A2D14F-5B07-4E6D-AD45-6F7632897FE3}"
EndProject
Project("{8BC9CEB8-8B4A-11D0-8D11-00A0C91BC942}") = "3.1_Capturer", "ZeroMQCameraSystem\3.1_Capturer.vcxproj", "{BD8B5076-E0CA-42B6-8BDD-F0D6EF13F699}"
EndProject
Project("{8BC9CEB8-8B4A-11D0-8D11-00A0C91BC942}") = "3.2_Worker", "ZeroMQCameraSystem\3.2_Worker.vcxproj", "{3B829D3D-2705-49B2-A0A8-E6F02314092F}"
EndProject
Project("{8BC9CEB8-8B4A-11D0-8D11-00A0C91BC942}") = "3.3_Composer", "ZeroMQCameraSystem\3.3_Composer.vcxproj", "{1D9DEC64-4482-42A2-8DB7-8206B2B5DDCB}"
EndProject
Project("{8BC9CEB8-8B4A-11D0-8D11-00A0C91BC942}") = "4.1_Capturer", "ZeroMQCameraSystem\4.1_Capturer.vcxproj", "{EEBDDD5A-4672-4122-AA23-B47D875FD6D7}"
EndProject
Project("{8BC9CEB8-8B4A-11D0-8D11-00A0C91BC942}") = "4.2_Worker", "ZeroMQCameraSystem\4.2_Worker.vcxproj", "{DF2C0277-E590-4FEA-A208-38ADA64C3A9D}"
EndProject
Project("{8BC9CEB8-8B4A-11D0-8D11-00A0C91BC942}") = "4.3_Composer", "ZeroMQCameraSystem\4.3_Composer.vcxproj", "{3541C0EC-609B-4787-BB1F-8B7D2FB04205}"
EndProject
Project("{8BC9CEB8-8B4A-11D0-8D11-00A0C91BC942}") = "5.1_Capturer", "ZeroMQCameraSystem\5.1_Capturer.vcxproj", "{9F8F28CB-992E-484D-9CFC-7711970D3279}"
EndProject
Project("{8BC9CEB8-8B4A-11D0-8D11-00A0C91BC942}") = "5.2_Worker", "ZeroMQCameraSystem\5.2_Worker.vcxproj", "{2CCF3312-D74C-4A2F-A7EA-7F2ECDF795DF}"
EndProject
Project("{8BC9CEB8-8B4A-11D0-8D11-00A0C91BC942}") = "5.3_Composer", "ZeroMQCameraSystem\5.3_Composer.vcxproj", "{11A1466E-DBEC-4135-8B21-D9256D86E0A3}"
EndProject
Project("{8BC9CEB8-8B4A-11D0-8D11-00A0C91BC942}") = "0_Config_Tester", "ZeroMQCameraSystem\0_Config_Tester.vcxproj", "{C4B2DCD1-84F9-4CE3-8330-CD3E0BF98346}"
EndProject
Project("{8BC9CEB8-8B4A-11D0-8D11-00A0C91BC942}") = "6.1_Capturer", "ZeroMQCameraSystem\6.1_Capturer.vcxproj", "{C84333F7-1EB4-44E8-92CF-F4FDDD4694A2}"
EndProject
Project("{8BC9CEB8-8B4A-11D0-8D11-00A0C91BC942}") = "6.2_Worker", "ZeroMQCameraSystem\6.2_Worker.vcxproj", "{53865B60-441D-4FC0-ADD0-D46EF7C2817A}"
EndProject
Project("{8BC9CEB8-8B4A-11D0-8D11-00A0C91BC942}") = "6.3_Composer", "ZeroMQCameraSystem\6.3_Composer.vcxproj", "{CE93998F-13F7-4095-BE82-7A61F86CA50A}"
EndProject
Project("{8BC9CEB8-8B4A-11D0-8D11-00A0C91BC942}") = "7.1_Capturer", "ZeroMQCameraSystem\7.1_Capturer.vcxproj", "{F6B20C6A-5151-4AEC-9DE8-B001154FB768}"
EndProject
Project("{8BC9CEB8-8B4A-11D0-8D11-00A0C91BC942}") = "7.2_Worker", "ZeroMQCameraSystem\7.2_Worker.vcxproj", "{3AFA19EF-750B-4225-87A9-0BD666981865}"
EndProject
Project("{8BC9CEB8-8B4A-11D0-8D11-00A0C91BC942}") = "7.3_Composer", "ZeroMQCameraSystem\7.3_Composer.vcxproj", "{E8693779-C36B-4F28-9AE4-DDEA152E1AAC}"
EndProject
Global
	GlobalSection(SolutionConfigurationPlatforms) = preSolution
		Debug|x64 = Debug|x64
		Debug|x86 = Debug|x86
		Release|x64 = Release|x64
		Release|x86 = Release|x86
	EndGlobalSection
	GlobalSection(ProjectConfigurationPlatforms) = postSolution
		{5E307F1E-721B-4E1B-9355-DAFDFB998339}.Debug|x64.ActiveCfg = Debug|x64
		{5E307F1E-721B-4E1B-9355-DAFDFB998339}.Debug|x64.Build.0 = Debug|x64
		{5E307F1E-721B-4E1B-9355-DAFDFB998339}.Debug|x86.ActiveCfg = Debug|Win32
		{5E307F1E-721B-4E1B-9355-DAFDFB998339}.Debug|x86.Build.0 = Debug|Win32
		{5E307F1E-721B-4E1B-9355-DAFDFB998339}.Release|x64.ActiveCfg = Release|x64
		{5E307F1E-721B-4E1B-9355-DAFDFB998339}.Release|x64.Build.0 = Release|x64
		{5E307F1E-721B-4E1B-9355-DAFDFB998339}.Release|x86.ActiveCfg = Release|Win32
		{5E307F1E-721B-4E1B-9355-DAFDFB998339}.Release|x86.Build.0 = Release|Win32
		{994F3C1B-E94B-4FA5-AC0C-9B7FE76DC3BB}.Debug|x64.ActiveCfg = Debug|x64
		{994F3C1B-E94B-4FA5-AC0C-9B7FE76DC3BB}.Debug|x64.Build.0 = Debug|x64
		{994F3C1B-E94B-4FA5-AC0C-9B7FE76DC3BB}.Debug|x86.ActiveCfg = Debug|Win32
		{994F3C1B-E94B-4FA5-AC0C-9B7FE76DC3BB}.Debug|x86.Build.0 = Debug|Win32
		{994F3C1B-E94B-4FA5-AC0C-9B7FE76DC3BB}.Release|x64.ActiveCfg = Release|x64
		{994F3C1B-E94B-4FA5-AC0C-9B7FE76DC3BB}.Release|x64.Build.0 = Release|x64
		{994F3C1B-E94B-4FA5-AC0C-9B7FE76DC3BB}.Release|x86.ActiveCfg = Release|Win32
		{994F3C1B-E94B-4FA5-AC0C-9B7FE76DC3BB}.Release|x86.Build.0 = Release|Win32
		{B36E0A18-F53C-4E6F-A2C3-732447C45BD5}.Debug|x64.ActiveCfg = Debug|x64
		{B36E0A18-F53C-4E6F-A2C3-732447C45BD5}.Debug|x64.Build.0 = Debug|x64
		{B36E0A18-F53C-4E6F-A2C3-732447C45BD5}.Debug|x86.ActiveCfg = Debug|Win32
		{B36E0A18-F53C-4E6F-A2C3-732447C45BD5}.Debug|x86.Build.0 = Debug|Win32
		{B36E0A18-F53C-4E6F-A2C3-732447C45BD5}.Release|x64.ActiveCfg = Release|x64
		{B36E0A18-F53C-4E6F-A2C3-732447C45BD5}.Release|x64.Build.0 = Release|x64
		{B36E0A18-F53C-4E6F-A2C3-732447C45BD5}.Release|x86.ActiveCfg = Release|Win32
		{B36E0A18-F53C-4E6F-A2C3-732447C45BD5}.Release|x86.Build.0 = Release|Win32
		{6E1007AC-5234-4C60-9502-D6E1C5629641}.Debug|x64.ActiveCfg = Debug|x64
		{6E1007AC-5234-4C60-9502-D6E1C5629641}.Debug|x64.Build.0 = Debug|x64
		{6E1007AC-5234-4C60-9502-D6E1C5629641}.Debug|x86.ActiveCfg = Debug|Win32
		{6E1007AC-5234-4C60-9502-D6E1C5629641}.Debug|x86.Build.0 = Debug|Win32
		{6E1007AC-5234-4C60-9502-D6E1C5629641}.Release|x64.ActiveCfg = Release|x64
		{6E1007AC-5234-4C60-9502-D6E1C5629641}.Release|x64.Build.0 = Release|x64
		{6E1007AC-5234-4C60-9502-D6E1C5629641}.Release|x86.ActiveCfg = Release|Win32
		{6E1007AC-5234-4C60-9502-D6E1C5629641}.Release|x86.Build.0 = Release|Win32
		{BADD5BAF-911F-4DA5-BF52-B4AD45BF6B9B}.Debug|x64.ActiveCfg = Debug|x64
		{BADD5BAF-911F-4DA5-BF52-B4AD45BF6B9B}.Debug|x64.Build.0 = Debug|x64
		{BADD5BAF-911F-4DA5-BF52-B4AD45BF6B9B}.Debug|x86.ActiveCfg = Debug|Win32
		{BADD5BAF-911F-4DA5-BF52-B4AD45BF6B9B}.Debug|x86.Build.0 = Debug|Win32
		{BADD5BAF-911F-4DA5-BF52-B4AD45BF6B9B}.Release|x64.ActiveCfg = Release|x64
		{BADD5BAF-911F-4DA5-BF52-B4AD45BF6B9B}.Release|x64.Build.0 = Release|x64
		{BADD5BAF-911F-4DA5-BF52-B4AD45BF6B9B}.Release|x86.ActiveCfg = Release|Win32
		{BADD5BAF-911F-4DA5-BF52-B4AD45BF6B9B}.Release|x86.Build.0 = Release|Win32
		{31A24AF6-9D40-4E28-883B-2C7B41D4CC57}.Debug|x64.ActiveCfg = Debug|x64
		{31A24AF6-9D40-4E28-883B-2C7B41D4CC57}.Debug|x64.Build.0 = Debug|x64
		{31A24AF6-9D40-4E28-883B-2C7B41D4CC57}.Debug|x86.ActiveCfg = Debug|Win32
		{31A24AF6-9D40-4E28-883B-2C7B41D4CC57}.Debug|x86.Build.0 = Debug|Win32
		{31A24AF6-9D40-4E28-883B-2C7B41D4CC57}.Release|x64.ActiveCfg = Release|x64
		{31A24AF6-9D40-4E28-883B-2C7B41D4CC57}.Release|x64.Build.0 = Release|x64
		{31A24AF6-9D40-4E28-883B-2C7B41D4CC57}.Release|x86.ActiveCfg = Release|Win32
		{31A24AF6-9D40-4E28-883B-2C7B41D4CC57}.Release|x86.Build.0 = Release|Win32
		{F9A2D14F-5B07-4E6D-AD45-6F7632897FE3}.Debug|x64.ActiveCfg = Debug|x64
		{F9A2D14F-5B07-4E6D-AD45-6F7632897FE3}.Debug|x64.Build.0 = Debug|x64
		{F9A2D14F-5B07-4E6D-AD45-6F7632897FE3}.Debug|x86.ActiveCfg = Debug|Win32
		{F9A2D14F-5B07-4E6D-AD45-6F7632897FE3}.Debug|x86.Build.0 = Debug|Win32
		{F9A2D14F-5B07-4E6D-AD45-6F7632897FE3}.Release|x64.ActiveCfg = Release|x64
		{F9A2D14F-5B07-4E6D-AD45-6F7632897FE3}.Release|x64.Build.0 = Release|x64
		{F9A2D14F-5B07-4E6D-AD45-6F7632897FE3}.Release|x86.ActiveCfg = Release|Win32
		{F9A2D14F-5B07-4E6D-AD45-6F7632897FE3}.Release|x86.Build.0 = Release|Win32
		{BD8B5076-E0CA-42B6-8BDD-F0D6EF13F699}.Debug|x64.ActiveCfg = Debug|x64
		{BD8B5076-E0CA-42B6-8BDD-F0D6EF13F699}.Debug|x64.Build.0 = Debug|x64
		{BD8B5076-E0CA-42B6-8BDD-F0D6EF13F699}.Debug|x86.ActiveCfg = Debug|Win32
		{BD8B5076-E0CA-42B6-8BDD-F0D6EF13F699}.Debug|x86.Build.0 = Debug|Win32
		{BD8B5076-E0CA-42B6-8BDD-F0D6EF13F699}.Release|x64.ActiveCfg = Release|x64
		{BD8B5076-E0CA-42B6-8BDD-F0D6EF13F699}.Release|x64.Build.0 = Release|x64
		{BD8B5076-E0CA-42B6-8BDD-F0D6EF13F699}.Release|x86.ActiveCfg = Release|Win32
		{BD8B5076-E0CA-42B6-8BDD-F0D6EF13F699}.Release|x86.Build.0 = Release|Win32
		{3B829D3D-2705-49B2-A0A8-E6F02314092F}.Debug|x64.ActiveCfg = Debug|x64
		{3B829D3D-2705-49B2-A0A8-E6F02314092F}.Debug|x64.Build.0 = Debug|x64
		{3B829D3D-2705-49B2-A0A8-E6F02314092F}.Debug|x86.ActiveCfg = Debug|Win32
		{3B829D3D-2705-49B2-A0A8-E6F02314092F}.Debug|x86.Build.0 = Debug|Win32
		{3B829D3D-2705-49B2-A0A8-E6F02314092F}.Release|x64.ActiveCfg = Release|x64
		{3B829D3D-2705-49B2-A0A8-E6F02314092F}.Release|x64.Build.0 = Release|x64
		{3B829D3D-2705-49B2-A0A8-E6F02314092F}.Release|x86.ActiveCfg = Release|Win32
		{3B829D3D-2705-49B2-A0A8-E6F02314092F}.Release|x86.Build.0 = Release|Win32
		{1D9DEC64-4482-42A2-8DB7-8206B2B5DDCB}.Debug|x64.ActiveCfg = Debug|x64
		{1D9DEC64-4482-42A2-8DB7-8206B2B5DDCB}.Debug|x64.Build.0 = Debug|x64
		{1D9DEC64-4482-42A2-8DB7-8206B2B5DDCB}.Debug|x86.ActiveCfg = Debug|Win32
		{1D9DEC64-4482-42A2-8DB7-8206B2B5DDCB}.Debug|x86.Build.0 = Debug|Win32
		{1D9DEC64-4482-42A2-8DB7-8206B2B5DDCB}.Release|x64.ActiveCfg = Release|x64
		{1D9DEC64-4482-42A2-8DB7-8206B2B5DDCB}.Release|x64.Build.0 = Release|x64
		{1D9DEC64-4482-42A2-8DB7-8206B2B5DDCB}.Release|x86.ActiveCfg = Release|Win32
		{1D9DEC64-4482-42A2-8DB7-8206B2B5DDCB}.Release|x86.Build.0 = Release|Win32
		{EEBDDD5A-4672-4122-AA23-B47D875FD6D7}.Debug|x64.ActiveCfg = Debug|x64
		{EEBDDD5A-4672-4122-AA23-B47D875FD6D7}.Debug|x64.Build.0 = Debug|x64
		{EEBDDD5A-4672-4122-AA23-B47D875FD6D7}.Debug|x86.ActiveCfg = Debug|Win32
		{EEBDDD5A-4672-4122-AA23-B47D875FD6D7}.Debug|x86.Build.0 = Debug|Win32
		{EEBDDD5A-4672-4122-AA23-B47D875FD6D7}.Release|x64.ActiveCfg = Release|x64
		{EEBDDD5A-4672-4122-AA23-B47D875FD6D7}.Release|x64.Build.0 = Release|x64
		{EEBDDD5A-4672-4122-AA23-B47D875FD6D7}.Release|x86.ActiveCfg = Release|Win32
		{EEBDDD5A-4672-4122-AA23-B47D875FD6D7}.Release|x86.Build.0 = Release|Win32
		{DF2C0277-E590-4FEA-A208-38ADA64C3A9D}.Debug|x64.ActiveCfg = Debug|x64
		{DF2C0277-E590-4FEA-A208-38ADA64C3A9D}.Debug|x64.Build.0 = Debug|x64
		{DF2C0277-E590-4FEA-A208-38ADA64C3A9D}.Debug|x86.ActiveCfg = Debug|Win32
		{DF2C0277-E590-4FEA-A208-38ADA64C3A9D}.Debug|x86.Build.0 = Debug|Win32
		{DF2C0277-E590-4FEA-A208-38ADA64C3A9D}.Release|x64.ActiveCfg = Release|x64
		{DF2C0277-E590-4FEA-A208-38ADA64C3A9D}.Release|x64.Build.0 = Release|x64
		{DF2C0277-E590-4FEA-A208-38ADA64C3A9D}.Release|x86.ActiveCfg = Release|Win32
		{DF2C0277-E590-4FEA-A208-38ADA64C3A9D}.Release|x86.Build.0 = Release|Win32
		{3541C0EC-609B-4787-BB1F-8B7D2FB04205}.Debug|x64.ActiveCfg = Debug|x64
		{3541C0EC-609B-4787-BB1F-8B7D2FB04205}.Debug|x64.Build.0 = Debug|x64
		{3541C0EC-609B-4787-BB1F-8B7D2FB04205}.Debug|x86.ActiveCfg = Debug|Win32
		{3541C0EC-609B-4787-BB1F-8B7D2FB04205}.Debug|x86.Build.0 = Debug|Win32
		{3541C0EC-609B-4787-BB1F-8B7D2FB04205}.Release|x64.ActiveCfg = Release|x64
		{3541C0EC-609B-4787-BB1F-8B7D2FB04205}.Release|x64.Build.0 = Release|x64
		{3541C0EC-609B-4787-BB1F-8B7D2FB04205}.Release|x86.ActiveCfg = Release|Win32
		{3541C0EC-609B-4787-BB1F-8B7D2FB04205}.Release|x86.Build.0 = Release|Win32
		{9F8F28CB-992E-484D-9CFC-7711970D3279}.Debug|x64.ActiveCfg = Debug|x64
		{9F8F28CB-992E-484D-9CFC-7711970D3279}.Debug|x64.Build.0 = Debug|x64
		{9F8F28CB-992E-484D-9CFC-7711970D3279}.Debug|x86.ActiveCfg = Debug|Win32
		{9F8F28CB-992E-484D-9CFC-7711970D3279}.Debug|x86.Build.0 = Debug|Win32
		{9F8F28CB-992E-484D-9CFC-7711970D3279}.Release|x64.ActiveCfg = Release|x64
		{9F8F28CB-992E-484D-9CFC-7711970D3279}.Release|x64.Build.0 = Release|x64
		{9F8F28CB-992E-484D-9CFC-7711970D3279}.Release|x86.ActiveCfg = Release|Win32
		{9F8F28CB-992E-484D-9CFC-7711970D3279}.Release|x86.Build.0 = Release|Win32
		{2CCF3312-D74C-4A2F-A7EA-7F2ECDF795DF}.Debug|x64.ActiveCfg = Debug|x64
		{2CCF3312-D74C-4A2F-A7EA-7F2ECDF795DF}.Debug|x64.Build.0 = Debug|x64
		{2CCF3312-D74C-4A2F-A7EA-7F2ECDF795DF}.Debug|x86.ActiveCfg = Debug|Win32
		{2CCF3312-D74C-4A2F-A7EA-7F2ECDF795DF}.Debug|x86.Build.0 = Debug|Win32
		{2CCF3312-D74C-4A2F-A7EA-7F2ECDF795DF}.Release|x64.ActiveCfg = Release|x64
		{2CCF3312-D74C-4A2F-A7EA-7F2ECDF795DF}.Release|x64.Build.0 = Release|x64
		{2CCF3312-D74C-4A2F-A7EA-7F2ECDF795DF}.Release|x86.ActiveCfg = Release|Win32
		{2CCF3312-D74C-4A2F-A7EA-7F2ECDF795DF}.Release|x86.Build.0 = Release|Win32
		{11A1466E-DBEC-4135-8B21-D9256D86E0A3}.Debug|x64.ActiveCfg = Debug|x64
		{11A1466E-DBEC-4135-8B21-D9256D86E0A3}.Debug|x64.Build.0 = Debug|x64
		{11A1466E-DBEC-4135-8B21-D9256D86E0A3}.Debug|x86.ActiveCfg = Debug|Win32
		{11A1466E-DBEC-4135-8B21-D9256D86E0A3}.Debug|x86.Build.0 = Debug|Win32
		{11A1466E-DBEC-4135-8B21-D9256D86E0A3}.Release|x64.ActiveCfg = Release|x64
		{11A1466E-DBEC-4135-8B21-D9256D86E0A3}.Release|x64.Build.0 = Release|x64
		{11A1466E-DBEC-4135-8B21-D9256D86E0A3}.Release|x86.ActiveCfg = Release|Win32
		{11A1466E-DBEC-4135-8B21-D9256D86E0A3}.Release|x86.Build.0 = Release|Win32
		{C4B2DCD1-84F9-4CE3-8330-CD3E0BF98346}.Debug|x64.ActiveCfg = Debug|x64
		{C4B2DCD1-84F9-4CE3-8330-CD3E0BF98346}.Debug|x64.Build.0 = Debug|x64
		{C4B2DCD1-84F9-4CE3-8330-CD3E0BF98346}.Debug|x86.ActiveCfg = Debug|Win32
		{C4B2DCD1-84F9-4CE3-8330-CD3E0BF98346}.Debug|x86.Build.0 = Debug|Win32
		{C4B2DCD1-84F9-4CE3-8330-CD3E0BF98346}.Release|x64.ActiveCfg = Release|x64
		{C4B2DCD1-84F9-4CE3-8330-CD3E0BF98346}.Release|x64.Build.0 = Release|x64
		{C4B2DCD1-84F9-4CE3-8330-CD3E0BF98346}.Release|x86.ActiveCfg = Release|Win32
		{C4B2DCD1-84F9-4CE3-8330-CD3E0BF98346}.Release|x86.Build.0 = Release|Win32
		{C84333F7-1EB4-44E8-92CF-F4FDDD4694A2}.Debug|x64.ActiveCfg = Debug|x64
		{C84333F7-1EB4-44E8-92CF-F4FDDD4694A2}.Debug|x64.Build.0 = Debug|x64
		{C84333F7-1EB4-44E8-92CF-F4FDDD4694A2}.Debug|x86.ActiveCfg = Debug|Win32
		{C84333F7-1EB4-44E8-92CF-F4FDDD4694A2}.Debug|x86.Build.0 = Debug|Win32
		{C84333F7-1EB4-44E8-92CF-F4FDDD4694A2}.Release|x64.ActiveCfg = Release|x64
		{C84333F7-1EB4-44E8-92CF-F4FDDD4694A2}.Release|x64.Build.0 = Release|x64
		{C84333F7-1EB4-44E8-92CF-F4FDDD4694A2}.Release|x86.ActiveCfg = Release|Win32
		{C84333F7-1EB4-44E8-92CF-F4FDDD4694A2}.Release|x86.Build.0 = Release|Win32
		{53865B60-441D-4FC0-ADD0-D46EF7C2817A}.Debug|x64.ActiveCfg = Debug|x64
		{53865B60-441D-4FC0-ADD0-D46EF7C2817A}.Debug|x64.Build.0 = Debug|x64
		{53865B60-441D-4FC0-ADD0-D46EF7C2817A}.Debug|x86.ActiveCfg = Debug|Win32
		{53865B60-441D-4FC0-ADD0-D46EF7C2817A}.Debug|x86.Build.0 = Debug|Win32
		{53865B60-441D-4FC0-ADD0-D46EF7C2817A}.Release|x64.ActiveCfg = Release|x64
		{53865B60-441D-4FC0-ADD0-D46EF7C2817A}.Release|x64.Build.0 = Release|x64
		{53865B60-441D-4FC0-ADD0-D46EF7C2817A}.Release|x86.ActiveCfg = Release|Win32
		{53865B60-441D-4FC0-ADD0-D46EF7C2817A}.Release|x86.Build.0 = Release|Win32
		{CE93998F-13F7-4095-BE82-7A61F86CA50A}.Debug|x64.ActiveCfg = Debug|x64
		{CE93998F-13F7-4095-BE82-7A61F86CA50A}.Debug|x64.Build.0 = Debug|x64
		{CE93998F-13F7-4095-BE82-7A61F86CA50A}.Debug|x86.ActiveCfg = Debug|Win32
		{CE93998F-13F7-4095-BE82-7A61F86CA50A}.Debug|x86.Build.0 = Debug|Win32
		{CE93998F-13F7-4095-BE82-7A61F86CA50A}.Release|x64.ActiveCfg = Release|x64
		{CE93998F-13F7-4095-BE82-7A61F86CA50A}.Release|x64.Build.0 = Release|x64
		{CE93998F-13F7-4095-BE82-7A61F86CA50A}.Release|x86.ActiveCfg = Release|Win32
		{CE93998F-13F7-4095-BE82-7A61F86CA50A}.Release|x86.Build.0 = Release|Win32
		{F6B20C6A-5151-4AEC-9DE8-B001154FB768}.Debug|x64.ActiveCfg = Debug|x64
		{F6B20C6A-5151-4AEC-9DE8-B001154FB768}.Debug|x64.Build.0 = Debug|x64
		{F6B20C6A-5151-4AEC-9DE8-B001154FB768}.Debug|x86.ActiveCfg = Debug|Win32
		{F6B20C6A-5151-4AEC-9DE8-B001154FB768}.Debug|x86.Build.0 = Debug|Win32
		{F6B20C6A-5151-4AEC-9DE8-B001154FB768}.Release|x64.ActiveCfg = Release|x64
		{F6B20C6A-5151-4AEC-9DE8-B001154FB768}.Release|x64.Build.0 = Release|x64
		{F6B20C6A-5151-4AEC-9DE8-B001154FB768}.Release|x86.ActiveCfg = Release|Win32
		{F6B20C6A-5151-4AEC-9DE8-B001154FB768}.Release|x86.Build.0 = Release|Win32
		{3AFA19EF-750B-4225-87A9-0BD666981865}.Debug|x64.ActiveCfg = Debug|x64
		{3AFA19EF-750B-4225-87A9-0BD666981865}.Debug|x64.Build.0 = Debug|x64
		{3AFA19EF-750B-4225-87A9-0BD666981865}.Debug|x86.ActiveCfg = Debug|Win32
		{3AFA19EF-750B-4225-87A9-0BD666981865}.Debug|x86.Build.0 = Debug|Win32
		{3AFA19EF-750B-4225-87A9-0BD666981865}.Release|x64.ActiveCfg = Release|x64
		{3AFA19EF-750B-4225-87A9-0BD666981865}.Release|x64.Build.0 = Release|x64
		{3AFA19EF-750B-4225-87A9-0BD666981865}.Release|x86.ActiveCfg = Release|Win32
		{3AFA19EF-750B-4225-87A9-0BD666981865}.Release|x86.Build.0 = Release|Win32
		{E8693779-C36B-4F28-9AE4-DDEA152E1AAC}.Debug|x64.ActiveCfg = Debug|x64
		{E8693779-C36B-4F28-9AE4-DDEA152E1AAC}.Debug|x64.Build.0 = Debug|x64
		{E8693779-C36B-4F28-9AE4-DDEA152E1AAC}.Debug|x86.ActiveCfg = Debug|Win32
		{E8693779-C36B-4F28-9AE4-DDEA152E1AAC}.Debug|x86.Build.0 = Debug|Win32
		{E8693779-C36B-4F28-9AE4-DDEA152E1AAC}.Release|x64.ActiveCfg = Release|x64
		{E8693779-C36B-4F28-9AE4-DDEA152E1AAC}.Release|x64.Build.0 = Release|x64
		{E8693779-C36B-4F28-9AE4-DDEA152E1AAC}.Release|x86.ActiveCfg = Release|Win32
		{E8693779-C36B-4F28-9AE4-DDEA152E1AAC}.Release|x86.Build.0 = Release|Win32
	EndGlobalSection
	GlobalSection(SolutionProperties) = preSolution
		HideSolutionNode = FALSE
	EndGlobalSection
	GlobalSection(ExtensibilityGlobals) = postSolution
		SolutionGuid = {0C8DE934-634E-458E-8D2C-5586A109B740}
	EndGlobalSection
EndGlobal
